// !$*UTF8*$!
{
	archiveVersion = 1;
	classes = {
	};
	objectVersion = 50;
	objects = {

/* Begin PBXBuildFile section */
		047DC7F909696CED3C31F8F3 /* Pods_PostsViewerTests.framework in Frameworks */ = {isa = PBXBuildFile; fileRef = 50F315CF5E534B807886BCEC /* Pods_PostsViewerTests.framework */; };
		A96F48AD22BE1ADA00A73CBE /* AppDelegate.swift in Sources */ = {isa = PBXBuildFile; fileRef = A96F48AC22BE1ADA00A73CBE /* AppDelegate.swift */; };
		A96F48B522BE1ADA00A73CBE /* PostsViewer.xcdatamodeld in Sources */ = {isa = PBXBuildFile; fileRef = A96F48B322BE1ADA00A73CBE /* PostsViewer.xcdatamodeld */; };
		A96F48B722BE1ADB00A73CBE /* Assets.xcassets in Resources */ = {isa = PBXBuildFile; fileRef = A96F48B622BE1ADB00A73CBE /* Assets.xcassets */; };
		A96F48BA22BE1ADB00A73CBE /* LaunchScreen.storyboard in Resources */ = {isa = PBXBuildFile; fileRef = A96F48B822BE1ADB00A73CBE /* LaunchScreen.storyboard */; };
		A96F48C522BE1ADC00A73CBE /* PostsViewerTests.swift in Sources */ = {isa = PBXBuildFile; fileRef = A96F48C422BE1ADC00A73CBE /* PostsViewerTests.swift */; };
		A975FB8D22BE208D00CB79D5 /* PostsViewController.swift in Sources */ = {isa = PBXBuildFile; fileRef = A975FB8C22BE208D00CB79D5 /* PostsViewController.swift */; };
		A975FB8F22BE209B00CB79D5 /* PostsViewModel.swift in Sources */ = {isa = PBXBuildFile; fileRef = A975FB8E22BE209B00CB79D5 /* PostsViewModel.swift */; };
		A975FB9122BE20AA00CB79D5 /* PostsCoordinator.swift in Sources */ = {isa = PBXBuildFile; fileRef = A975FB9022BE20AA00CB79D5 /* PostsCoordinator.swift */; };
		A975FB9422BE20D300CB79D5 /* RootCoordinator.swift in Sources */ = {isa = PBXBuildFile; fileRef = A975FB9322BE20D300CB79D5 /* RootCoordinator.swift */; };
		A975FB9622BE210100CB79D5 /* BaseCoordinator.swift in Sources */ = {isa = PBXBuildFile; fileRef = A975FB9522BE210100CB79D5 /* BaseCoordinator.swift */; };
		E4791E8409EF0880E3FC0E53 /* Pods_PostsViewer.framework in Frameworks */ = {isa = PBXBuildFile; fileRef = A9CBA5D74DBDDB2A5BCE70B6 /* Pods_PostsViewer.framework */; };
/* End PBXBuildFile section */

/* Begin PBXContainerItemProxy section */
		A96F48C122BE1ADC00A73CBE /* PBXContainerItemProxy */ = {
			isa = PBXContainerItemProxy;
			containerPortal = A96F48A122BE1ADA00A73CBE /* Project object */;
			proxyType = 1;
			remoteGlobalIDString = A96F48A822BE1ADA00A73CBE;
			remoteInfo = PostsViewer;
		};
/* End PBXContainerItemProxy section */

/* Begin PBXFileReference section */
		18C2132BCBB749058044D8BE /* Pods-PostsViewerTests.debug.xcconfig */ = {isa = PBXFileReference; includeInIndex = 1; lastKnownFileType = text.xcconfig; name = "Pods-PostsViewerTests.debug.xcconfig"; path = "Target Support Files/Pods-PostsViewerTests/Pods-PostsViewerTests.debug.xcconfig"; sourceTree = "<group>"; };
		2B3E1D276990B149D8680108 /* Pods-PostsViewer.release.xcconfig */ = {isa = PBXFileReference; includeInIndex = 1; lastKnownFileType = text.xcconfig; name = "Pods-PostsViewer.release.xcconfig"; path = "Target Support Files/Pods-PostsViewer/Pods-PostsViewer.release.xcconfig"; sourceTree = "<group>"; };
		50F315CF5E534B807886BCEC /* Pods_PostsViewerTests.framework */ = {isa = PBXFileReference; explicitFileType = wrapper.framework; includeInIndex = 0; path = Pods_PostsViewerTests.framework; sourceTree = BUILT_PRODUCTS_DIR; };
		932CD8AA20E41BE052BAE2E1 /* Pods-PostsViewer.debug.xcconfig */ = {isa = PBXFileReference; includeInIndex = 1; lastKnownFileType = text.xcconfig; name = "Pods-PostsViewer.debug.xcconfig"; path = "Target Support Files/Pods-PostsViewer/Pods-PostsViewer.debug.xcconfig"; sourceTree = "<group>"; };
		A96F48A922BE1ADA00A73CBE /* PostsViewer.app */ = {isa = PBXFileReference; explicitFileType = wrapper.application; includeInIndex = 0; path = PostsViewer.app; sourceTree = BUILT_PRODUCTS_DIR; };
		A96F48AC22BE1ADA00A73CBE /* AppDelegate.swift */ = {isa = PBXFileReference; lastKnownFileType = sourcecode.swift; path = AppDelegate.swift; sourceTree = "<group>"; };
		A96F48B422BE1ADA00A73CBE /* PostsViewer.xcdatamodel */ = {isa = PBXFileReference; lastKnownFileType = wrapper.xcdatamodel; path = PostsViewer.xcdatamodel; sourceTree = "<group>"; };
		A96F48B622BE1ADB00A73CBE /* Assets.xcassets */ = {isa = PBXFileReference; lastKnownFileType = folder.assetcatalog; path = Assets.xcassets; sourceTree = "<group>"; };
		A96F48B922BE1ADB00A73CBE /* Base */ = {isa = PBXFileReference; lastKnownFileType = file.storyboard; name = Base; path = Base.lproj/LaunchScreen.storyboard; sourceTree = "<group>"; };
		A96F48BB22BE1ADB00A73CBE /* Info.plist */ = {isa = PBXFileReference; lastKnownFileType = text.plist.xml; path = Info.plist; sourceTree = "<group>"; };
		A96F48C022BE1ADC00A73CBE /* PostsViewerTests.xctest */ = {isa = PBXFileReference; explicitFileType = wrapper.cfbundle; includeInIndex = 0; path = PostsViewerTests.xctest; sourceTree = BUILT_PRODUCTS_DIR; };
		A96F48C422BE1ADC00A73CBE /* PostsViewerTests.swift */ = {isa = PBXFileReference; lastKnownFileType = sourcecode.swift; path = PostsViewerTests.swift; sourceTree = "<group>"; };
		A96F48C622BE1ADC00A73CBE /* Info.plist */ = {isa = PBXFileReference; lastKnownFileType = text.plist.xml; path = Info.plist; sourceTree = "<group>"; };
		A975FB8C22BE208D00CB79D5 /* PostsViewController.swift */ = {isa = PBXFileReference; lastKnownFileType = sourcecode.swift; path = PostsViewController.swift; sourceTree = "<group>"; };
		A975FB8E22BE209B00CB79D5 /* PostsViewModel.swift */ = {isa = PBXFileReference; lastKnownFileType = sourcecode.swift; path = PostsViewModel.swift; sourceTree = "<group>"; };
		A975FB9022BE20AA00CB79D5 /* PostsCoordinator.swift */ = {isa = PBXFileReference; lastKnownFileType = sourcecode.swift; path = PostsCoordinator.swift; sourceTree = "<group>"; };
		A975FB9322BE20D300CB79D5 /* RootCoordinator.swift */ = {isa = PBXFileReference; lastKnownFileType = sourcecode.swift; path = RootCoordinator.swift; sourceTree = "<group>"; };
		A975FB9522BE210100CB79D5 /* BaseCoordinator.swift */ = {isa = PBXFileReference; lastKnownFileType = sourcecode.swift; path = BaseCoordinator.swift; sourceTree = "<group>"; };
		A9CBA5D74DBDDB2A5BCE70B6 /* Pods_PostsViewer.framework */ = {isa = PBXFileReference; explicitFileType = wrapper.framework; includeInIndex = 0; path = Pods_PostsViewer.framework; sourceTree = BUILT_PRODUCTS_DIR; };
		D60C27510B63546D40CFBCEB /* Pods-PostsViewerTests.release.xcconfig */ = {isa = PBXFileReference; includeInIndex = 1; lastKnownFileType = text.xcconfig; name = "Pods-PostsViewerTests.release.xcconfig"; path = "Target Support Files/Pods-PostsViewerTests/Pods-PostsViewerTests.release.xcconfig"; sourceTree = "<group>"; };
/* End PBXFileReference section */

/* Begin PBXFrameworksBuildPhase section */
		A96F48A622BE1ADA00A73CBE /* Frameworks */ = {
			isa = PBXFrameworksBuildPhase;
			buildActionMask = 2147483647;
			files = (
				E4791E8409EF0880E3FC0E53 /* Pods_PostsViewer.framework in Frameworks */,
			);
			runOnlyForDeploymentPostprocessing = 0;
		};
		A96F48BD22BE1ADC00A73CBE /* Frameworks */ = {
			isa = PBXFrameworksBuildPhase;
			buildActionMask = 2147483647;
			files = (
				047DC7F909696CED3C31F8F3 /* Pods_PostsViewerTests.framework in Frameworks */,
			);
			runOnlyForDeploymentPostprocessing = 0;
		};
/* End PBXFrameworksBuildPhase section */

/* Begin PBXGroup section */
		828A784506C15A01E4FF1F85 /* Frameworks */ = {
			isa = PBXGroup;
			children = (
				A9CBA5D74DBDDB2A5BCE70B6 /* Pods_PostsViewer.framework */,
				50F315CF5E534B807886BCEC /* Pods_PostsViewerTests.framework */,
			);
			name = Frameworks;
			sourceTree = "<group>";
		};
		A96F48A022BE1ADA00A73CBE = {
			isa = PBXGroup;
			children = (
				A96F48AB22BE1ADA00A73CBE /* PostsViewer */,
				A96F48C322BE1ADC00A73CBE /* PostsViewerTests */,
				A96F48AA22BE1ADA00A73CBE /* Products */,
				B3AEB89E70F3FD277AC664B3 /* Pods */,
				828A784506C15A01E4FF1F85 /* Frameworks */,
			);
			sourceTree = "<group>";
		};
		A96F48AA22BE1ADA00A73CBE /* Products */ = {
			isa = PBXGroup;
			children = (
				A96F48A922BE1ADA00A73CBE /* PostsViewer.app */,
				A96F48C022BE1ADC00A73CBE /* PostsViewerTests.xctest */,
			);
			name = Products;
			sourceTree = "<group>";
		};
		A96F48AB22BE1ADA00A73CBE /* PostsViewer */ = {
			isa = PBXGroup;
			children = (
				A96F48D022BE1C1C00A73CBE /* Common */,
				A96F48CF22BE1C0700A73CBE /* Modules */,
				A96F48AC22BE1ADA00A73CBE /* AppDelegate.swift */,
				A96F48B622BE1ADB00A73CBE /* Assets.xcassets */,
				A96F48B822BE1ADB00A73CBE /* LaunchScreen.storyboard */,
				A96F48BB22BE1ADB00A73CBE /* Info.plist */,
				A96F48B322BE1ADA00A73CBE /* PostsViewer.xcdatamodeld */,
			);
			path = PostsViewer;
			sourceTree = "<group>";
		};
		A96F48C322BE1ADC00A73CBE /* PostsViewerTests */ = {
			isa = PBXGroup;
			children = (
				A96F48C422BE1ADC00A73CBE /* PostsViewerTests.swift */,
				A96F48C622BE1ADC00A73CBE /* Info.plist */,
			);
			path = PostsViewerTests;
			sourceTree = "<group>";
		};
		A96F48CF22BE1C0700A73CBE /* Modules */ = {
			isa = PBXGroup;
			children = (
				A975FB9222BE20AE00CB79D5 /* Root */,
				A975FB8B22BE207400CB79D5 /* Posts */,
			);
			path = Modules;
			sourceTree = "<group>";
		};
		A96F48D022BE1C1C00A73CBE /* Common */ = {
			isa = PBXGroup;
			children = (
				A975FB9522BE210100CB79D5 /* BaseCoordinator.swift */,
			);
			path = Common;
			sourceTree = "<group>";
		};
		A975FB8B22BE207400CB79D5 /* Posts */ = {
			isa = PBXGroup;
			children = (
				A975FB8C22BE208D00CB79D5 /* PostsViewController.swift */,
				A975FB8E22BE209B00CB79D5 /* PostsViewModel.swift */,
				A975FB9022BE20AA00CB79D5 /* PostsCoordinator.swift */,
			);
			path = Posts;
			sourceTree = "<group>";
		};
		A975FB9222BE20AE00CB79D5 /* Root */ = {
			isa = PBXGroup;
			children = (
				A975FB9322BE20D300CB79D5 /* RootCoordinator.swift */,
			);
			path = Root;
			sourceTree = "<group>";
		};
		B3AEB89E70F3FD277AC664B3 /* Pods */ = {
			isa = PBXGroup;
			children = (
				932CD8AA20E41BE052BAE2E1 /* Pods-PostsViewer.debug.xcconfig */,
				2B3E1D276990B149D8680108 /* Pods-PostsViewer.release.xcconfig */,
				18C2132BCBB749058044D8BE /* Pods-PostsViewerTests.debug.xcconfig */,
				D60C27510B63546D40CFBCEB /* Pods-PostsViewerTests.release.xcconfig */,
			);
			path = Pods;
			sourceTree = "<group>";
		};
/* End PBXGroup section */

/* Begin PBXNativeTarget section */
		A96F48A822BE1ADA00A73CBE /* PostsViewer */ = {
			isa = PBXNativeTarget;
			buildConfigurationList = A96F48C922BE1ADC00A73CBE /* Build configuration list for PBXNativeTarget "PostsViewer" */;
			buildPhases = (
				D5DC3DE06AC9CD42C548EB30 /* [CP] Check Pods Manifest.lock */,
				A96F48A522BE1ADA00A73CBE /* Sources */,
				A96F48A622BE1ADA00A73CBE /* Frameworks */,
				A96F48A722BE1ADA00A73CBE /* Resources */,
				299BCAB4E6744BE9A930EF63 /* [CP] Embed Pods Frameworks */,
			);
			buildRules = (
			);
			dependencies = (
			);
			name = PostsViewer;
			productName = PostsViewer;
			productReference = A96F48A922BE1ADA00A73CBE /* PostsViewer.app */;
			productType = "com.apple.product-type.application";
		};
		A96F48BF22BE1ADC00A73CBE /* PostsViewerTests */ = {
			isa = PBXNativeTarget;
			buildConfigurationList = A96F48CC22BE1ADC00A73CBE /* Build configuration list for PBXNativeTarget "PostsViewerTests" */;
			buildPhases = (
				60FBC83D1DCDF64958008B85 /* [CP] Check Pods Manifest.lock */,
				A96F48BC22BE1ADC00A73CBE /* Sources */,
				A96F48BD22BE1ADC00A73CBE /* Frameworks */,
				A96F48BE22BE1ADC00A73CBE /* Resources */,
				87061AFCDCEF39CA9812B118 /* [CP] Embed Pods Frameworks */,
			);
			buildRules = (
			);
			dependencies = (
				A96F48C222BE1ADC00A73CBE /* PBXTargetDependency */,
			);
			name = PostsViewerTests;
			productName = PostsViewerTests;
			productReference = A96F48C022BE1ADC00A73CBE /* PostsViewerTests.xctest */;
			productType = "com.apple.product-type.bundle.unit-test";
		};
/* End PBXNativeTarget section */

/* Begin PBXProject section */
		A96F48A122BE1ADA00A73CBE /* Project object */ = {
			isa = PBXProject;
			attributes = {
				LastSwiftUpdateCheck = 1010;
				LastUpgradeCheck = 1010;
				ORGANIZATIONNAME = Parbo;
				TargetAttributes = {
					A96F48A822BE1ADA00A73CBE = {
						CreatedOnToolsVersion = 10.1;
					};
					A96F48BF22BE1ADC00A73CBE = {
						CreatedOnToolsVersion = 10.1;
						TestTargetID = A96F48A822BE1ADA00A73CBE;
					};
				};
			};
			buildConfigurationList = A96F48A422BE1ADA00A73CBE /* Build configuration list for PBXProject "PostsViewer" */;
			compatibilityVersion = "Xcode 9.3";
			developmentRegion = en;
			hasScannedForEncodings = 0;
			knownRegions = (
				en,
				Base,
			);
			mainGroup = A96F48A022BE1ADA00A73CBE;
			productRefGroup = A96F48AA22BE1ADA00A73CBE /* Products */;
			projectDirPath = "";
			projectRoot = "";
			targets = (
				A96F48A822BE1ADA00A73CBE /* PostsViewer */,
				A96F48BF22BE1ADC00A73CBE /* PostsViewerTests */,
			);
		};
/* End PBXProject section */

/* Begin PBXResourcesBuildPhase section */
		A96F48A722BE1ADA00A73CBE /* Resources */ = {
			isa = PBXResourcesBuildPhase;
			buildActionMask = 2147483647;
			files = (
				A96F48BA22BE1ADB00A73CBE /* LaunchScreen.storyboard in Resources */,
				A96F48B722BE1ADB00A73CBE /* Assets.xcassets in Resources */,
			);
			runOnlyForDeploymentPostprocessing = 0;
		};
		A96F48BE22BE1ADC00A73CBE /* Resources */ = {
			isa = PBXResourcesBuildPhase;
			buildActionMask = 2147483647;
			files = (
			);
			runOnlyForDeploymentPostprocessing = 0;
		};
/* End PBXResourcesBuildPhase section */

/* Begin PBXShellScriptBuildPhase section */
		299BCAB4E6744BE9A930EF63 /* [CP] Embed Pods Frameworks */ = {
			isa = PBXShellScriptBuildPhase;
			buildActionMask = 2147483647;
			files = (
			);
			inputFileListPaths = (
			);
			inputPaths = (
				"${PODS_ROOT}/Target Support Files/Pods-PostsViewer/Pods-PostsViewer-frameworks.sh",
				"${BUILT_PRODUCTS_DIR}/RxCocoa/RxCocoa.framework",
				"${BUILT_PRODUCTS_DIR}/RxRelay/RxRelay.framework",
				"${BUILT_PRODUCTS_DIR}/RxSwift/RxSwift.framework",
			);
			name = "[CP] Embed Pods Frameworks";
			outputFileListPaths = (
			);
			outputPaths = (
				"${TARGET_BUILD_DIR}/${FRAMEWORKS_FOLDER_PATH}/RxCocoa.framework",
				"${TARGET_BUILD_DIR}/${FRAMEWORKS_FOLDER_PATH}/RxRelay.framework",
				"${TARGET_BUILD_DIR}/${FRAMEWORKS_FOLDER_PATH}/RxSwift.framework",
			);
			runOnlyForDeploymentPostprocessing = 0;
			shellPath = /bin/sh;
			shellScript = "\"${PODS_ROOT}/Target Support Files/Pods-PostsViewer/Pods-PostsViewer-frameworks.sh\"\n";
			showEnvVarsInLog = 0;
		};
		60FBC83D1DCDF64958008B85 /* [CP] Check Pods Manifest.lock */ = {
			isa = PBXShellScriptBuildPhase;
			buildActionMask = 2147483647;
			files = (
			);
			inputFileListPaths = (
			);
			inputPaths = (
				"${PODS_PODFILE_DIR_PATH}/Podfile.lock",
				"${PODS_ROOT}/Manifest.lock",
			);
			name = "[CP] Check Pods Manifest.lock";
			outputFileListPaths = (
			);
			outputPaths = (
				"$(DERIVED_FILE_DIR)/Pods-PostsViewerTests-checkManifestLockResult.txt",
			);
			runOnlyForDeploymentPostprocessing = 0;
			shellPath = /bin/sh;
			shellScript = "diff \"${PODS_PODFILE_DIR_PATH}/Podfile.lock\" \"${PODS_ROOT}/Manifest.lock\" > /dev/null\nif [ $? != 0 ] ; then\n    # print error to STDERR\n    echo \"error: The sandbox is not in sync with the Podfile.lock. Run 'pod install' or update your CocoaPods installation.\" >&2\n    exit 1\nfi\n# This output is used by Xcode 'outputs' to avoid re-running this script phase.\necho \"SUCCESS\" > \"${SCRIPT_OUTPUT_FILE_0}\"\n";
			showEnvVarsInLog = 0;
		};
		87061AFCDCEF39CA9812B118 /* [CP] Embed Pods Frameworks */ = {
			isa = PBXShellScriptBuildPhase;
			buildActionMask = 2147483647;
			files = (
			);
			inputFileListPaths = (
			);
			inputPaths = (
				"${PODS_ROOT}/Target Support Files/Pods-PostsViewerTests/Pods-PostsViewerTests-frameworks.sh",
				"${BUILT_PRODUCTS_DIR}/RxSwift/RxSwift.framework",
				"${BUILT_PRODUCTS_DIR}/RxBlocking/RxBlocking.framework",
				"${BUILT_PRODUCTS_DIR}/RxTest/RxTest.framework",
			);
			name = "[CP] Embed Pods Frameworks";
			outputFileListPaths = (
			);
			outputPaths = (
				"${TARGET_BUILD_DIR}/${FRAMEWORKS_FOLDER_PATH}/RxSwift.framework",
				"${TARGET_BUILD_DIR}/${FRAMEWORKS_FOLDER_PATH}/RxBlocking.framework",
				"${TARGET_BUILD_DIR}/${FRAMEWORKS_FOLDER_PATH}/RxTest.framework",
			);
			runOnlyForDeploymentPostprocessing = 0;
			shellPath = /bin/sh;
			shellScript = "\"${PODS_ROOT}/Target Support Files/Pods-PostsViewerTests/Pods-PostsViewerTests-frameworks.sh\"\n";
			showEnvVarsInLog = 0;
		};
		D5DC3DE06AC9CD42C548EB30 /* [CP] Check Pods Manifest.lock */ = {
			isa = PBXShellScriptBuildPhase;
			buildActionMask = 2147483647;
			files = (
			);
			inputFileListPaths = (
			);
			inputPaths = (
				"${PODS_PODFILE_DIR_PATH}/Podfile.lock",
				"${PODS_ROOT}/Manifest.lock",
			);
			name = "[CP] Check Pods Manifest.lock";
			outputFileListPaths = (
			);
			outputPaths = (
				"$(DERIVED_FILE_DIR)/Pods-PostsViewer-checkManifestLockResult.txt",
			);
			runOnlyForDeploymentPostprocessing = 0;
			shellPath = /bin/sh;
			shellScript = "diff \"${PODS_PODFILE_DIR_PATH}/Podfile.lock\" \"${PODS_ROOT}/Manifest.lock\" > /dev/null\nif [ $? != 0 ] ; then\n    # print error to STDERR\n    echo \"error: The sandbox is not in sync with the Podfile.lock. Run 'pod install' or update your CocoaPods installation.\" >&2\n    exit 1\nfi\n# This output is used by Xcode 'outputs' to avoid re-running this script phase.\necho \"SUCCESS\" > \"${SCRIPT_OUTPUT_FILE_0}\"\n";
			showEnvVarsInLog = 0;
		};
/* End PBXShellScriptBuildPhase section */

/* Begin PBXSourcesBuildPhase section */
		A96F48A522BE1ADA00A73CBE /* Sources */ = {
			isa = PBXSourcesBuildPhase;
			buildActionMask = 2147483647;
			files = (
				A975FB8F22BE209B00CB79D5 /* PostsViewModel.swift in Sources */,
				A975FB9122BE20AA00CB79D5 /* PostsCoordinator.swift in Sources */,
				A975FB8D22BE208D00CB79D5 /* PostsViewController.swift in Sources */,
				A96F48B522BE1ADA00A73CBE /* PostsViewer.xcdatamodeld in Sources */,
				A975FB9622BE210100CB79D5 /* BaseCoordinator.swift in Sources */,
				A975FB9422BE20D300CB79D5 /* RootCoordinator.swift in Sources */,
				A96F48AD22BE1ADA00A73CBE /* AppDelegate.swift in Sources */,
			);
			runOnlyForDeploymentPostprocessing = 0;
		};
		A96F48BC22BE1ADC00A73CBE /* Sources */ = {
			isa = PBXSourcesBuildPhase;
			buildActionMask = 2147483647;
			files = (
				A96F48C522BE1ADC00A73CBE /* PostsViewerTests.swift in Sources */,
			);
			runOnlyForDeploymentPostprocessing = 0;
		};
/* End PBXSourcesBuildPhase section */

/* Begin PBXTargetDependency section */
		A96F48C222BE1ADC00A73CBE /* PBXTargetDependency */ = {
			isa = PBXTargetDependency;
			target = A96F48A822BE1ADA00A73CBE /* PostsViewer */;
			targetProxy = A96F48C122BE1ADC00A73CBE /* PBXContainerItemProxy */;
		};
/* End PBXTargetDependency section */

/* Begin PBXVariantGroup section */
		A96F48B822BE1ADB00A73CBE /* LaunchScreen.storyboard */ = {
			isa = PBXVariantGroup;
			children = (
				A96F48B922BE1ADB00A73CBE /* Base */,
			);
			name = LaunchScreen.storyboard;
			sourceTree = "<group>";
		};
/* End PBXVariantGroup section */

/* Begin XCBuildConfiguration section */
		A96F48C722BE1ADC00A73CBE /* Debug */ = {
			isa = XCBuildConfiguration;
			buildSettings = {
				ALWAYS_SEARCH_USER_PATHS = NO;
				CLANG_ANALYZER_NONNULL = YES;
				CLANG_ANALYZER_NUMBER_OBJECT_CONVERSION = YES_AGGRESSIVE;
				CLANG_CXX_LANGUAGE_STANDARD = "gnu++14";
				CLANG_CXX_LIBRARY = "libc++";
				CLANG_ENABLE_MODULES = YES;
				CLANG_ENABLE_OBJC_ARC = YES;
				CLANG_ENABLE_OBJC_WEAK = YES;
				CLANG_WARN_BLOCK_CAPTURE_AUTORELEASING = YES;
				CLANG_WARN_BOOL_CONVERSION = YES;
				CLANG_WARN_COMMA = YES;
				CLANG_WARN_CONSTANT_CONVERSION = YES;
				CLANG_WARN_DEPRECATED_OBJC_IMPLEMENTATIONS = YES;
				CLANG_WARN_DIRECT_OBJC_ISA_USAGE = YES_ERROR;
				CLANG_WARN_DOCUMENTATION_COMMENTS = YES;
				CLANG_WARN_EMPTY_BODY = YES;
				CLANG_WARN_ENUM_CONVERSION = YES;
				CLANG_WARN_INFINITE_RECURSION = YES;
				CLANG_WARN_INT_CONVERSION = YES;
				CLANG_WARN_NON_LITERAL_NULL_CONVERSION = YES;
				CLANG_WARN_OBJC_IMPLICIT_RETAIN_SELF = YES;
				CLANG_WARN_OBJC_LITERAL_CONVERSION = YES;
				CLANG_WARN_OBJC_ROOT_CLASS = YES_ERROR;
				CLANG_WARN_RANGE_LOOP_ANALYSIS = YES;
				CLANG_WARN_STRICT_PROTOTYPES = YES;
				CLANG_WARN_SUSPICIOUS_MOVE = YES;
				CLANG_WARN_UNGUARDED_AVAILABILITY = YES_AGGRESSIVE;
				CLANG_WARN_UNREACHABLE_CODE = YES;
				CLANG_WARN__DUPLICATE_METHOD_MATCH = YES;
				CODE_SIGN_IDENTITY = "iPhone Developer";
				COPY_PHASE_STRIP = NO;
				DEBUG_INFORMATION_FORMAT = dwarf;
				ENABLE_STRICT_OBJC_MSGSEND = YES;
				ENABLE_TESTABILITY = YES;
				GCC_C_LANGUAGE_STANDARD = gnu11;
				GCC_DYNAMIC_NO_PIC = NO;
				GCC_NO_COMMON_BLOCKS = YES;
				GCC_OPTIMIZATION_LEVEL = 0;
				GCC_PREPROCESSOR_DEFINITIONS = (
					"DEBUG=1",
					"$(inherited)",
				);
				GCC_WARN_64_TO_32_BIT_CONVERSION = YES;
				GCC_WARN_ABOUT_RETURN_TYPE = YES_ERROR;
				GCC_WARN_UNDECLARED_SELECTOR = YES;
				GCC_WARN_UNINITIALIZED_AUTOS = YES_AGGRESSIVE;
				GCC_WARN_UNUSED_FUNCTION = YES;
				GCC_WARN_UNUSED_VARIABLE = YES;
				IPHONEOS_DEPLOYMENT_TARGET = 12.1;
				MTL_ENABLE_DEBUG_INFO = INCLUDE_SOURCE;
				MTL_FAST_MATH = YES;
				ONLY_ACTIVE_ARCH = YES;
				SDKROOT = iphoneos;
				SWIFT_ACTIVE_COMPILATION_CONDITIONS = DEBUG;
				SWIFT_OPTIMIZATION_LEVEL = "-Onone";
			};
			name = Debug;
		};
		A96F48C822BE1ADC00A73CBE /* Release */ = {
			isa = XCBuildConfiguration;
			buildSettings = {
				ALWAYS_SEARCH_USER_PATHS = NO;
				CLANG_ANALYZER_NONNULL = YES;
				CLANG_ANALYZER_NUMBER_OBJECT_CONVERSION = YES_AGGRESSIVE;
				CLANG_CXX_LANGUAGE_STANDARD = "gnu++14";
				CLANG_CXX_LIBRARY = "libc++";
				CLANG_ENABLE_MODULES = YES;
				CLANG_ENABLE_OBJC_ARC = YES;
				CLANG_ENABLE_OBJC_WEAK = YES;
				CLANG_WARN_BLOCK_CAPTURE_AUTORELEASING = YES;
				CLANG_WARN_BOOL_CONVERSION = YES;
				CLANG_WARN_COMMA = YES;
				CLANG_WARN_CONSTANT_CONVERSION = YES;
				CLANG_WARN_DEPRECATED_OBJC_IMPLEMENTATIONS = YES;
				CLANG_WARN_DIRECT_OBJC_ISA_USAGE = YES_ERROR;
				CLANG_WARN_DOCUMENTATION_COMMENTS = YES;
				CLANG_WARN_EMPTY_BODY = YES;
				CLANG_WARN_ENUM_CONVERSION = YES;
				CLANG_WARN_INFINITE_RECURSION = YES;
				CLANG_WARN_INT_CONVERSION = YES;
				CLANG_WARN_NON_LITERAL_NULL_CONVERSION = YES;
				CLANG_WARN_OBJC_IMPLICIT_RETAIN_SELF = YES;
				CLANG_WARN_OBJC_LITERAL_CONVERSION = YES;
				CLANG_WARN_OBJC_ROOT_CLASS = YES_ERROR;
				CLANG_WARN_RANGE_LOOP_ANALYSIS = YES;
				CLANG_WARN_STRICT_PROTOTYPES = YES;
				CLANG_WARN_SUSPICIOUS_MOVE = YES;
				CLANG_WARN_UNGUARDED_AVAILABILITY = YES_AGGRESSIVE;
				CLANG_WARN_UNREACHABLE_CODE = YES;
				CLANG_WARN__DUPLICATE_METHOD_MATCH = YES;
				CODE_SIGN_IDENTITY = "iPhone Developer";
				COPY_PHASE_STRIP = NO;
				DEBUG_INFORMATION_FORMAT = "dwarf-with-dsym";
				ENABLE_NS_ASSERTIONS = NO;
				ENABLE_STRICT_OBJC_MSGSEND = YES;
				GCC_C_LANGUAGE_STANDARD = gnu11;
				GCC_NO_COMMON_BLOCKS = YES;
				GCC_WARN_64_TO_32_BIT_CONVERSION = YES;
				GCC_WARN_ABOUT_RETURN_TYPE = YES_ERROR;
				GCC_WARN_UNDECLARED_SELECTOR = YES;
				GCC_WARN_UNINITIALIZED_AUTOS = YES_AGGRESSIVE;
				GCC_WARN_UNUSED_FUNCTION = YES;
				GCC_WARN_UNUSED_VARIABLE = YES;
				IPHONEOS_DEPLOYMENT_TARGET = 12.1;
				MTL_ENABLE_DEBUG_INFO = NO;
				MTL_FAST_MATH = YES;
				SDKROOT = iphoneos;
				SWIFT_COMPILATION_MODE = wholemodule;
				SWIFT_OPTIMIZATION_LEVEL = "-O";
				VALIDATE_PRODUCT = YES;
			};
			name = Release;
		};
		A96F48CA22BE1ADC00A73CBE /* Debug */ = {
			isa = XCBuildConfiguration;
			baseConfigurationReference = 932CD8AA20E41BE052BAE2E1 /* Pods-PostsViewer.debug.xcconfig */;
			buildSettings = {
				ALWAYS_EMBED_SWIFT_STANDARD_LIBRARIES = "$(inherited)";
				ASSETCATALOG_COMPILER_APPICON_NAME = AppIcon;
				CODE_SIGN_STYLE = Automatic;
				INFOPLIST_FILE = PostsViewer/Info.plist;
				LD_RUNPATH_SEARCH_PATHS = (
					"$(inherited)",
					"@executable_path/Frameworks",
				);
				PRODUCT_BUNDLE_IDENTIFIER = com.parbo.PostsViewer;
				PRODUCT_NAME = "$(TARGET_NAME)";
				SWIFT_VERSION = 5.0;
				TARGETED_DEVICE_FAMILY = "1,2";
			};
			name = Debug;
		};
		A96F48CB22BE1ADC00A73CBE /* Release */ = {
			isa = XCBuildConfiguration;
			baseConfigurationReference = 2B3E1D276990B149D8680108 /* Pods-PostsViewer.release.xcconfig */;
			buildSettings = {
				ALWAYS_EMBED_SWIFT_STANDARD_LIBRARIES = "$(inherited)";
				ASSETCATALOG_COMPILER_APPICON_NAME = AppIcon;
				CODE_SIGN_STYLE = Automatic;
				INFOPLIST_FILE = PostsViewer/Info.plist;
				LD_RUNPATH_SEARCH_PATHS = (
					"$(inherited)",
					"@executable_path/Frameworks",
				);
				PRODUCT_BUNDLE_IDENTIFIER = com.parbo.PostsViewer;
				PRODUCT_NAME = "$(TARGET_NAME)";
				SWIFT_VERSION = 5.0;
				TARGETED_DEVICE_FAMILY = "1,2";
			};
			name = Release;
		};
		A96F48CD22BE1ADC00A73CBE /* Debug */ = {
			isa = XCBuildConfiguration;
			baseConfigurationReference = 18C2132BCBB749058044D8BE /* Pods-PostsViewerTests.debug.xcconfig */;
			buildSettings = {
				ALWAYS_EMBED_SWIFT_STANDARD_LIBRARIES = "$(inherited)";
				BUNDLE_LOADER = "$(TEST_HOST)";
				CODE_SIGN_STYLE = Automatic;
				INFOPLIST_FILE = PostsViewerTests/Info.plist;
				LD_RUNPATH_SEARCH_PATHS = (
					"$(inherited)",
					"@executable_path/Frameworks",
					"@loader_path/Frameworks",
				);
				PRODUCT_BUNDLE_IDENTIFIER = com.parbo.PostsViewerTests;
				PRODUCT_NAME = "$(TARGET_NAME)";
				SWIFT_VERSION = 5.0;
				TARGETED_DEVICE_FAMILY = "1,2";
				TEST_HOST = "$(BUILT_PRODUCTS_DIR)/PostsViewer.app/PostsViewer";
			};
			name = Debug;
		};
		A96F48CE22BE1ADC00A73CBE /* Release */ = {
			isa = XCBuildConfiguration;
			baseConfigurationReference = D60C27510B63546D40CFBCEB /* Pods-PostsViewerTests.release.xcconfig */;
			buildSettings = {
				ALWAYS_EMBED_SWIFT_STANDARD_LIBRARIES = "$(inherited)";
				BUNDLE_LOADER = "$(TEST_HOST)";
				CODE_SIGN_STYLE = Automatic;
				INFOPLIST_FILE = PostsViewerTests/Info.plist;
				LD_RUNPATH_SEARCH_PATHS = (
					"$(inherited)",
					"@executable_path/Frameworks",
					"@loader_path/Frameworks",
				);
				PRODUCT_BUNDLE_IDENTIFIER = com.parbo.PostsViewerTests;
				PRODUCT_NAME = "$(TARGET_NAME)";
				SWIFT_VERSION = 5.0;
				TARGETED_DEVICE_FAMILY = "1,2";
				TEST_HOST = "$(BUILT_PRODUCTS_DIR)/PostsViewer.app/PostsViewer";
			};
			name = Release;
		};
/* End XCBuildConfiguration section */

/* Begin XCConfigurationList section */
		A96F48A422BE1ADA00A73CBE /* Build configuration list for PBXProject "PostsViewer" */ = {
			isa = XCConfigurationList;
			buildConfigurations = (
				A96F48C722BE1ADC00A73CBE /* Debug */,
				A96F48C822BE1ADC00A73CBE /* Release */,
			);
			defaultConfigurationIsVisible = 0;
			defaultConfigurationName = Release;
		};
		A96F48C922BE1ADC00A73CBE /* Build configuration list for PBXNativeTarget "PostsViewer" */ = {
			isa = XCConfigurationList;
			buildConfigurations = (
				A96F48CA22BE1ADC00A73CBE /* Debug */,
				A96F48CB22BE1ADC00A73CBE /* Release */,
			);
			defaultConfigurationIsVisible = 0;
			defaultConfigurationName = Release;
		};
		A96F48CC22BE1ADC00A73CBE /* Build configuration list for PBXNativeTarget "PostsViewerTests" */ = {
			isa = XCConfigurationList;
			buildConfigurations = (
				A96F48CD22BE1ADC00A73CBE /* Debug */,
				A96F48CE22BE1ADC00A73CBE /* Release */,
			);
			defaultConfigurationIsVisible = 0;
			defaultConfigurationName = Release;
		};
/* End XCConfigurationList section */

/* Begin XCVersionGroup section */
		A96F48B322BE1ADA00A73CBE /* PostsViewer.xcdatamodeld */ = {
			isa = XCVersionGroup;
			children = (
				A96F48B422BE1ADA00A73CBE /* PostsViewer.xcdatamodel */,
			);
			currentVersion = A96F48B422BE1ADA00A73CBE /* PostsViewer.xcdatamodel */;
			path = PostsViewer.xcdatamodeld;
			sourceTree = "<group>";
			versionGroupType = wrapper.xcdatamodel;
		};
/* End XCVersionGroup section */
	};
	rootObject = A96F48A122BE1ADA00A73CBE /* Project object */;
}
